#MicroXplorer Configuration settings - do not modify
#Thu Apr 24 15:37:55 CEST 2014
File.Version=2
KeepUserPlacement=true
Mcu.Family=STM32F4
Mcu.IP0=NVIC
Mcu.IP1=RCC
Mcu.IP2=TIM12
Mcu.IP3=TIM13
Mcu.IPNb=4
Mcu.Name=STM32F407V(E-G)Tx
Mcu.Package=LQFP100
Mcu.Pin0=PH0-OSC_IN
Mcu.Pin1=PH1-OSC_OUT
Mcu.Pin10=VP_TIM12_VS_ClockSourceINT
Mcu.Pin11=VP_TIM13_VS_ClockSourceINT
Mcu.Pin12=VP_TIM13_VS_OPM
Mcu.Pin2=PA0-WKUP
Mcu.Pin3=PA6
Mcu.Pin4=PB14
Mcu.Pin5=PD12
Mcu.Pin6=PD13
Mcu.Pin7=PD14
Mcu.Pin8=PD15
Mcu.Pin9=VP_TIM12_VS_ControllerModeReset
Mcu.PinsNb=13
Mcu.UserName=STM32F407VGTx
NVIC.SysTick_IRQn=true\:0\:0
NVIC.TIM8_BRK_TIM12_IRQn=true\:0\:0
PA0-WKUP.Signal=GPIO_Input
PA6.GPIOParameters=GPIO_Speed,GPIO_ModeDefaultPP,GPIO_PuPd
PA6.GPIO_ModeDefaultPP=GPIO_MODE_AF_PP
PA6.GPIO_PuPd=GPIO_NOPULL
PA6.GPIO_Speed=N/A
PA6.Signal=S_TIM13_CH1
PB14.GPIOParameters=GPIO_Speed,GPIO_ModeDefaultPP,GPIO_PuPd
PB14.GPIO_ModeDefaultPP=GPIO_MODE_AF_PP
PB14.GPIO_PuPd=GPIO_NOPULL
PB14.GPIO_Speed=N/A
PB14.Signal=S_TIM12_CH1
PCC.Family=STM32F4
PCC.MCU=STM32F407V(E-G)Tx
PCC.MXVersion=4.1.0
PCC.PartNumber=STM32F407VGTx
PCC.Seq0=0
PCC.SubFamily=STM32F407/417
PCC.Temperature=25
PCC.Vdd=3.3
PD12.GPIOParameters=GPIO_Speed,GPIO_PuPd,GPIO_Mode
PD12.GPIO_Mode=GPIO_MODE_OUTPUT_PP
PD12.GPIO_PuPd=GPIO_NOPULL
PD12.GPIO_Speed=GPIO_SPEED_HIGH
PD12.Signal=GPIO_Output
PD13.GPIOParameters=GPIO_Speed,GPIO_PuPd,GPIO_Mode
PD13.GPIO_Mode=GPIO_MODE_OUTPUT_PP
PD13.GPIO_PuPd=GPIO_NOPULL
PD13.GPIO_Speed=GPIO_SPEED_HIGH
PD13.Signal=GPIO_Output
PD14.GPIOParameters=GPIO_Speed,GPIO_PuPd,GPIO_Mode
PD14.GPIO_Mode=GPIO_MODE_OUTPUT_PP
PD14.GPIO_PuPd=GPIO_NOPULL
PD14.GPIO_Speed=GPIO_SPEED_HIGH
PD14.Signal=GPIO_Output
PD15.GPIOParameters=GPIO_Speed,GPIO_PuPd,GPIO_Mode
PD15.GPIO_Mode=GPIO_MODE_OUTPUT_PP
PD15.GPIO_PuPd=GPIO_NOPULL
PD15.GPIO_Speed=GPIO_SPEED_HIGH
PD15.Signal=GPIO_Output
PH0-OSC_IN.Mode=HSE-External-Clock-Source
PH0-OSC_IN.Signal=RCC_OSC_IN
PH1-OSC_OUT.Mode=HSE-External-Clock-Source
PH1-OSC_OUT.Signal=RCC_OSC_OUT
ProjectManager.AskForMigrate=true
ProjectManager.BackupPrevious=true
ProjectManager.CompilerOptimize=2
ProjectManager.ComputerToolchain=false
ProjectManager.CoupleFile=false
ProjectManager.DeletePrevious=true
ProjectManager.DeviceId=STM32F407VGTx
ProjectManager.FirmwarePackage=STM32Cube FW_F4 V1.1.0
ProjectManager.FreePins=false
ProjectManager.KeepUserCode=true
ProjectManager.LastFirmware=true
ProjectManager.LibraryCopy=0
ProjectManager.ProjectBuild=false
ProjectManager.ProjectFileName=Sonar-Module.ioc
ProjectManager.ProjectName=Sonar-Module
ProjectManager.TargetToolchain=EWARM 6.70
RCC.APB1CLKDivider=RCC_HCLK_DIV4
RCC.APB2CLKDivider=RCC_HCLK_DIV2
RCC.FamilyName=M
RCC.HSE_VALUE=8000000
RCC.HSI_VALUE=16000000
RCC.IPParameters=APB2TimFreq_Value,FCLKCortexFreq_Value,AHBFreq_Value,APB2Freq_Value,PLLM,PLLN,48MHZClocksFreq_Value,RTCFreq_Value,I2SClocksFreq_Value,CortexFreq_Value,APB2CLKDivider,HSI_VALUE,PLLCLKFreq_Value,FamilyName,APB1TimFreq_Value,RTCHSEDivFreq_Value,EthernetFreq_Value,VCOInputFreq_Value,SYSCLKFreq_VALUE,HCLKFreq_Value,PLLSource,VCOI2SOutputFreq_Value,LSI_VALUE,APB1Freq_Value,APB1CLKDivider,HSE_VALUE,LSE_VALUE,SYSCLKSource,VCOOutputFreq_Value,MCO2PinFreq_Value
RCC.LSE_VALUE=32768
RCC.LSI_VALUE=32000
RCC.PLLM=8
RCC.PLLN=336
RCC.PLLSource=RCC_PLLSOURCE_HSE
RCC.SYSCLKSource=RCC_SYSCLKSOURCE_PLLCLK
SH.S_TIM12_CH1.0=TIM12_CH1,TriggerSource_TI1FP1
SH.S_TIM12_CH1.1=TIM12_CH1,Input_Capture1_from_TI1
SH.S_TIM12_CH1.2=TIM12_CH1,Input_Capture2_from_TI1
SH.S_TIM12_CH1.ConfNb=3
SH.S_TIM13_CH1.0=TIM13_CH1,PWM Generation1 CH1
SH.S_TIM13_CH1.ConfNb=1
TIM12.Channel-Input_Capture2_from_TI1=TIM_CHANNEL_2
TIM12.ICPolarity_CH1-Input_Capture1_from_TI1=TIM_INPUTCHANNELPOLARITY_RISING
TIM12.IPParameters=Period,Prescaler,Channel-Input_Capture2_from_TI1,ICPolarity_CH1-Input_Capture1_from_TI1
TIM12.Period=65535
TIM12.Prescaler=83
TIM13.IPParameters=Prescaler,Period,OCFastMode_PWM-PWM Generation1 CH1,OCMode_PWM-PWM Generation1 CH1,Pulse-PWM Generation1 CH1
TIM13.OCFastMode_PWM-PWM\ Generation1\ CH1=TIM_OCFAST_ENABLE
TIM13.OCMode_PWM-PWM\ Generation1\ CH1=TIM_OCMODE_PWM2
TIM13.Period=65535
TIM13.Prescaler=83
TIM13.Pulse-PWM\ Generation1\ CH1=65526
VP_TIM12_VS_ClockSourceINT.Mode=Internal
VP_TIM12_VS_ClockSourceINT.Signal=TIM12_VS_ClockSourceINT
VP_TIM12_VS_ControllerModeReset.Mode=Reset Mode
VP_TIM12_VS_ControllerModeReset.Signal=TIM12_VS_ControllerModeReset
VP_TIM13_VS_ClockSourceINT.Mode=Enable_Timer
VP_TIM13_VS_ClockSourceINT.Signal=TIM13_VS_ClockSourceINT
VP_TIM13_VS_OPM.Mode=OPM_bit
VP_TIM13_VS_OPM.Signal=TIM13_VS_OPM
